PODS:
  - SnapKit (4.0.0)
  - Then (2.4.0)

DEPENDENCIES:
  - SnapKit
  - Then

SPEC REPOS:
  https://github.com/cocoapods/specs.git:
    - SnapKit
    - Then

SPEC CHECKSUMS:
  SnapKit: a42d492c16e80209130a3379f73596c3454b7694
  Then: 71866660c7af35a7343831f7668e7cd2b62ee0f2

PODFILE CHECKSUM: 85079d4c0130e1e25b1256b5c2e67fe2a311938a

COCOAPODS: 1.5.3
