PODS:
  - SnapKit (4.2.0)
  - Then (2.4.0)

DEPENDENCIES:
  - SnapKit
  - Then

SPEC REPOS:
  trunk:
    - SnapKit
    - Then

SPEC CHECKSUMS:
  SnapKit: fe8a619752f3f27075cc9a90244d75c6c3f27e2a
  Then: 71866660c7af35a7343831f7668e7cd2b62ee0f2

PODFILE CHECKSUM: 6e8e76686531470a9ffe425d3ac584dc580d9f6b

COCOAPODS: 1.10.0
