// !$*UTF8*$!
{
	archiveVersion = 1;
	classes = {
	};
	objectVersion = 46;
	objects = {

/* Begin PBXBuildFile section */
		04CAACE7212E9B72000DE8CE /* Space.swift in Sources */ = {isa = PBXBuildFile; fileRef = 04CAACDB212E9B72000DE8CE /* Space.swift */; };
		04CAACE8212E9B72000DE8CE /* Film.swift in Sources */ = {isa = PBXBuildFile; fileRef = 04CAACDC212E9B72000DE8CE /* Film.swift */; };
		04CAACE9212E9B72000DE8CE /* Scenery.swift in Sources */ = {isa = PBXBuildFile; fileRef = 04CAACDD212E9B72000DE8CE /* Scenery.swift */; };
		04CAACEA212E9B72000DE8CE /* Plot.swift in Sources */ = {isa = PBXBuildFile; fileRef = 04CAACDE212E9B72000DE8CE /* Plot.swift */; };
		04CAACEB212E9B72000DE8CE /* UIKit+YourFilm.swift in Sources */ = {isa = PBXBuildFile; fileRef = 04CAACDF212E9B72000DE8CE /* UIKit+YourFilm.swift */; };
		04CAACEC212E9B72000DE8CE /* Stage.swift in Sources */ = {isa = PBXBuildFile; fileRef = 04CAACE0212E9B72000DE8CE /* Stage.swift */; };
		04CAACEE212E9B72000DE8CE /* Actor.swift in Sources */ = {isa = PBXBuildFile; fileRef = 04CAACE2212E9B72000DE8CE /* Actor.swift */; };
		04CAACEF212E9B72000DE8CE /* YourFilm.swift in Sources */ = {isa = PBXBuildFile; fileRef = 04CAACE3212E9B72000DE8CE /* YourFilm.swift */; };
		04CAACF1212E9B72000DE8CE /* Director.swift in Sources */ = {isa = PBXBuildFile; fileRef = 04CAACE6212E9B72000DE8CE /* Director.swift */; };
		04CAACF8212FAA4E000DE8CE /* HUDExhibitionViewController.swift in Sources */ = {isa = PBXBuildFile; fileRef = 04CAACF7212FAA4E000DE8CE /* HUDExhibitionViewController.swift */; };
		04CAACFB212FAB8A000DE8CE /* RGBColorSelector.swift in Sources */ = {isa = PBXBuildFile; fileRef = 04CAACFA212FAB8A000DE8CE /* RGBColorSelector.swift */; };
		04CAACFD212FABBD000DE8CE /* RGBColorSelector.xib in Resources */ = {isa = PBXBuildFile; fileRef = 04CAACFC212FABBD000DE8CE /* RGBColorSelector.xib */; };
		04CAACFF212FDEC6000DE8CE /* Helper.swift in Sources */ = {isa = PBXBuildFile; fileRef = 04CAACFE212FDEC6000DE8CE /* Helper.swift */; };
		1C48480D21F96DC20028B8FD /* Animations.swift in Sources */ = {isa = PBXBuildFile; fileRef = 1C48480C21F96DC20028B8FD /* Animations.swift */; };
		374FA3682473BF2A000A9B2D /* RingVeil.swift in Sources */ = {isa = PBXBuildFile; fileRef = 374FA3672473BF2A000A9B2D /* RingVeil.swift */; };
		374FA36A2473BF3E000A9B2D /* RingVeilLayer.swift in Sources */ = {isa = PBXBuildFile; fileRef = 374FA3692473BF3E000A9B2D /* RingVeilLayer.swift */; };
		374FA36C2473C74B000A9B2D /* ProgressRingVeil.swift in Sources */ = {isa = PBXBuildFile; fileRef = 374FA36B2473C74B000A9B2D /* ProgressRingVeil.swift */; };
		607FACD61AFB9204008FA782 /* AppDelegate.swift in Sources */ = {isa = PBXBuildFile; fileRef = 607FACD51AFB9204008FA782 /* AppDelegate.swift */; };
		607FACD81AFB9204008FA782 /* ViewController.swift in Sources */ = {isa = PBXBuildFile; fileRef = 607FACD71AFB9204008FA782 /* ViewController.swift */; };
		607FACDB1AFB9204008FA782 /* Main.storyboard in Resources */ = {isa = PBXBuildFile; fileRef = 607FACD91AFB9204008FA782 /* Main.storyboard */; };
		607FACDD1AFB9204008FA782 /* Images.xcassets in Resources */ = {isa = PBXBuildFile; fileRef = 607FACDC1AFB9204008FA782 /* Images.xcassets */; };
		607FACE01AFB9204008FA782 /* LaunchScreen.xib in Resources */ = {isa = PBXBuildFile; fileRef = 607FACDE1AFB9204008FA782 /* LaunchScreen.xib */; };
		D16BE388CA050CC28395CFF7 /* Pods_YourFilm_Example.framework in Frameworks */ = {isa = PBXBuildFile; fileRef = FF23827A2144AF9FB6D5D657 /* Pods_YourFilm_Example.framework */; };
/* End PBXBuildFile section */

/* Begin PBXFileReference section */
		04CAACDB212E9B72000DE8CE /* Space.swift */ = {isa = PBXFileReference; fileEncoding = 4; lastKnownFileType = sourcecode.swift; path = Space.swift; sourceTree = "<group>"; };
		04CAACDC212E9B72000DE8CE /* Film.swift */ = {isa = PBXFileReference; fileEncoding = 4; lastKnownFileType = sourcecode.swift; path = Film.swift; sourceTree = "<group>"; };
		04CAACDD212E9B72000DE8CE /* Scenery.swift */ = {isa = PBXFileReference; fileEncoding = 4; lastKnownFileType = sourcecode.swift; path = Scenery.swift; sourceTree = "<group>"; };
		04CAACDE212E9B72000DE8CE /* Plot.swift */ = {isa = PBXFileReference; fileEncoding = 4; lastKnownFileType = sourcecode.swift; path = Plot.swift; sourceTree = "<group>"; };
		04CAACDF212E9B72000DE8CE /* UIKit+YourFilm.swift */ = {isa = PBXFileReference; fileEncoding = 4; lastKnownFileType = sourcecode.swift; path = "UIKit+YourFilm.swift"; sourceTree = "<group>"; };
		04CAACE0212E9B72000DE8CE /* Stage.swift */ = {isa = PBXFileReference; fileEncoding = 4; lastKnownFileType = sourcecode.swift; path = Stage.swift; sourceTree = "<group>"; };
		04CAACE2212E9B72000DE8CE /* Actor.swift */ = {isa = PBXFileReference; fileEncoding = 4; lastKnownFileType = sourcecode.swift; path = Actor.swift; sourceTree = "<group>"; };
		04CAACE3212E9B72000DE8CE /* YourFilm.swift */ = {isa = PBXFileReference; fileEncoding = 4; lastKnownFileType = sourcecode.swift; path = YourFilm.swift; sourceTree = "<group>"; };
		04CAACE6212E9B72000DE8CE /* Director.swift */ = {isa = PBXFileReference; fileEncoding = 4; lastKnownFileType = sourcecode.swift; path = Director.swift; sourceTree = "<group>"; };
		04CAACF7212FAA4E000DE8CE /* HUDExhibitionViewController.swift */ = {isa = PBXFileReference; lastKnownFileType = sourcecode.swift; path = HUDExhibitionViewController.swift; sourceTree = "<group>"; };
		04CAACFA212FAB8A000DE8CE /* RGBColorSelector.swift */ = {isa = PBXFileReference; lastKnownFileType = sourcecode.swift; path = RGBColorSelector.swift; sourceTree = "<group>"; };
		04CAACFC212FABBD000DE8CE /* RGBColorSelector.xib */ = {isa = PBXFileReference; lastKnownFileType = file.xib; path = RGBColorSelector.xib; sourceTree = "<group>"; };
		04CAACFE212FDEC6000DE8CE /* Helper.swift */ = {isa = PBXFileReference; lastKnownFileType = sourcecode.swift; path = Helper.swift; sourceTree = "<group>"; };
		1A82935F923A40350923662A /* Pods-YourFilm_Tests.debug.xcconfig */ = {isa = PBXFileReference; includeInIndex = 1; lastKnownFileType = text.xcconfig; name = "Pods-YourFilm_Tests.debug.xcconfig"; path = "Pods/Target Support Files/Pods-YourFilm_Tests/Pods-YourFilm_Tests.debug.xcconfig"; sourceTree = "<group>"; };
		1C48480C21F96DC20028B8FD /* Animations.swift */ = {isa = PBXFileReference; lastKnownFileType = sourcecode.swift; path = Animations.swift; sourceTree = "<group>"; };
		374FA3672473BF2A000A9B2D /* RingVeil.swift */ = {isa = PBXFileReference; lastKnownFileType = sourcecode.swift; path = RingVeil.swift; sourceTree = "<group>"; };
		374FA3692473BF3E000A9B2D /* RingVeilLayer.swift */ = {isa = PBXFileReference; lastKnownFileType = sourcecode.swift; path = RingVeilLayer.swift; sourceTree = "<group>"; };
		374FA36B2473C74B000A9B2D /* ProgressRingVeil.swift */ = {isa = PBXFileReference; lastKnownFileType = sourcecode.swift; path = ProgressRingVeil.swift; sourceTree = "<group>"; };
		3BB264DBE8083780D9A7F83C /* Pods_YourFilm_Tests.framework */ = {isa = PBXFileReference; explicitFileType = wrapper.framework; includeInIndex = 0; path = Pods_YourFilm_Tests.framework; sourceTree = BUILT_PRODUCTS_DIR; };
		54CDA2CFECA6A26C83EBD83D /* YourFilm.podspec */ = {isa = PBXFileReference; includeInIndex = 1; lastKnownFileType = text; name = YourFilm.podspec; path = ../YourFilm.podspec; sourceTree = "<group>"; };
		5C2C2E18EA42064BB14394B9 /* README.md */ = {isa = PBXFileReference; includeInIndex = 1; lastKnownFileType = net.daringfireball.markdown; name = README.md; path = ../README.md; sourceTree = "<group>"; };
		607FACD01AFB9204008FA782 /* YourFilm_Example.app */ = {isa = PBXFileReference; explicitFileType = wrapper.application; includeInIndex = 0; path = YourFilm_Example.app; sourceTree = BUILT_PRODUCTS_DIR; };
		607FACD41AFB9204008FA782 /* Info.plist */ = {isa = PBXFileReference; lastKnownFileType = text.plist.xml; path = Info.plist; sourceTree = "<group>"; };
		607FACD51AFB9204008FA782 /* AppDelegate.swift */ = {isa = PBXFileReference; lastKnownFileType = sourcecode.swift; path = AppDelegate.swift; sourceTree = "<group>"; };
		607FACD71AFB9204008FA782 /* ViewController.swift */ = {isa = PBXFileReference; lastKnownFileType = sourcecode.swift; path = ViewController.swift; sourceTree = "<group>"; };
		607FACDA1AFB9204008FA782 /* Base */ = {isa = PBXFileReference; lastKnownFileType = file.storyboard; name = Base; path = Base.lproj/Main.storyboard; sourceTree = "<group>"; };
		607FACDC1AFB9204008FA782 /* Images.xcassets */ = {isa = PBXFileReference; lastKnownFileType = folder.assetcatalog; path = Images.xcassets; sourceTree = "<group>"; };
		607FACDF1AFB9204008FA782 /* Base */ = {isa = PBXFileReference; lastKnownFileType = file.xib; name = Base; path = Base.lproj/LaunchScreen.xib; sourceTree = "<group>"; };
		607FACEA1AFB9204008FA782 /* Info.plist */ = {isa = PBXFileReference; lastKnownFileType = text.plist.xml; path = Info.plist; sourceTree = "<group>"; };
		607FACEB1AFB9204008FA782 /* Tests.swift */ = {isa = PBXFileReference; lastKnownFileType = sourcecode.swift; path = Tests.swift; sourceTree = "<group>"; };
		8847FC1CF9D282A9BE560EC0 /* Pods-YourFilm_Example.debug.xcconfig */ = {isa = PBXFileReference; includeInIndex = 1; lastKnownFileType = text.xcconfig; name = "Pods-YourFilm_Example.debug.xcconfig"; path = "Pods/Target Support Files/Pods-YourFilm_Example/Pods-YourFilm_Example.debug.xcconfig"; sourceTree = "<group>"; };
		9CC82AD393C5F5663AA454A3 /* Pods-YourFilm_Tests.release.xcconfig */ = {isa = PBXFileReference; includeInIndex = 1; lastKnownFileType = text.xcconfig; name = "Pods-YourFilm_Tests.release.xcconfig"; path = "Pods/Target Support Files/Pods-YourFilm_Tests/Pods-YourFilm_Tests.release.xcconfig"; sourceTree = "<group>"; };
		D88D88057487129AE5504E51 /* LICENSE */ = {isa = PBXFileReference; includeInIndex = 1; lastKnownFileType = text; name = LICENSE; path = ../LICENSE; sourceTree = "<group>"; };
		FB5811D4A133C2E4FE7F172C /* Pods-YourFilm_Example.release.xcconfig */ = {isa = PBXFileReference; includeInIndex = 1; lastKnownFileType = text.xcconfig; name = "Pods-YourFilm_Example.release.xcconfig"; path = "Pods/Target Support Files/Pods-YourFilm_Example/Pods-YourFilm_Example.release.xcconfig"; sourceTree = "<group>"; };
		FF23827A2144AF9FB6D5D657 /* Pods_YourFilm_Example.framework */ = {isa = PBXFileReference; explicitFileType = wrapper.framework; includeInIndex = 0; path = Pods_YourFilm_Example.framework; sourceTree = BUILT_PRODUCTS_DIR; };
/* End PBXFileReference section */

/* Begin PBXFrameworksBuildPhase section */
		607FACCD1AFB9204008FA782 /* Frameworks */ = {
			isa = PBXFrameworksBuildPhase;
			buildActionMask = 2147483647;
			files = (
				D16BE388CA050CC28395CFF7 /* Pods_YourFilm_Example.framework in Frameworks */,
			);
			runOnlyForDeploymentPostprocessing = 0;
		};
/* End PBXFrameworksBuildPhase section */

/* Begin PBXGroup section */
		04CAACDA212E9B72000DE8CE /* Sources */ = {
			isa = PBXGroup;
			children = (
				04CAACE3212E9B72000DE8CE /* YourFilm.swift */,
				04CAACE6212E9B72000DE8CE /* Director.swift */,
				04CAACDC212E9B72000DE8CE /* Film.swift */,
				04CAACDB212E9B72000DE8CE /* Space.swift */,
				04CAACE0212E9B72000DE8CE /* Stage.swift */,
				04CAACDE212E9B72000DE8CE /* Plot.swift */,
				04CAACDD212E9B72000DE8CE /* Scenery.swift */,
				04CAACE2212E9B72000DE8CE /* Actor.swift */,
				1C48480C21F96DC20028B8FD /* Animations.swift */,
				04CAACDF212E9B72000DE8CE /* UIKit+YourFilm.swift */,
				04CAACE4212E9B72000DE8CE /* Veils */,
			);
			name = Sources;
			path = ../Sources;
			sourceTree = "<group>";
		};
		04CAACE4212E9B72000DE8CE /* Veils */ = {
			isa = PBXGroup;
			children = (
				374FA3672473BF2A000A9B2D /* RingVeil.swift */,
				374FA36B2473C74B000A9B2D /* ProgressRingVeil.swift */,
				374FA3692473BF3E000A9B2D /* RingVeilLayer.swift */,
			);
			path = Veils;
			sourceTree = "<group>";
		};
		04CAACF9212FAB61000DE8CE /* View */ = {
			isa = PBXGroup;
			children = (
				04CAACFA212FAB8A000DE8CE /* RGBColorSelector.swift */,
				04CAACFC212FABBD000DE8CE /* RGBColorSelector.xib */,
			);
			name = View;
			sourceTree = "<group>";
		};
		3115280F3EA328C0CF892B74 /* Pods */ = {
			isa = PBXGroup;
			children = (
				8847FC1CF9D282A9BE560EC0 /* Pods-YourFilm_Example.debug.xcconfig */,
				FB5811D4A133C2E4FE7F172C /* Pods-YourFilm_Example.release.xcconfig */,
				1A82935F923A40350923662A /* Pods-YourFilm_Tests.debug.xcconfig */,
				9CC82AD393C5F5663AA454A3 /* Pods-YourFilm_Tests.release.xcconfig */,
			);
			name = Pods;
			sourceTree = "<group>";
		};
		607FACC71AFB9204008FA782 = {
			isa = PBXGroup;
			children = (
				04CAACDA212E9B72000DE8CE /* Sources */,
				607FACF51AFB993E008FA782 /* Podspec Metadata */,
				607FACD21AFB9204008FA782 /* Example for YourFilm */,
				607FACE81AFB9204008FA782 /* Tests */,
				607FACD11AFB9204008FA782 /* Products */,
				3115280F3EA328C0CF892B74 /* Pods */,
				A252D15ABA5543460D12929A /* Frameworks */,
			);
			sourceTree = "<group>";
		};
		607FACD11AFB9204008FA782 /* Products */ = {
			isa = PBXGroup;
			children = (
				607FACD01AFB9204008FA782 /* YourFilm_Example.app */,
			);
			name = Products;
			sourceTree = "<group>";
		};
		607FACD21AFB9204008FA782 /* Example for YourFilm */ = {
			isa = PBXGroup;
			children = (
				04CAACF9212FAB61000DE8CE /* View */,
				607FACD51AFB9204008FA782 /* AppDelegate.swift */,
				607FACD71AFB9204008FA782 /* ViewController.swift */,
				04CAACF7212FAA4E000DE8CE /* HUDExhibitionViewController.swift */,
				04CAACFE212FDEC6000DE8CE /* Helper.swift */,
				607FACD91AFB9204008FA782 /* Main.storyboard */,
				607FACDC1AFB9204008FA782 /* Images.xcassets */,
				607FACDE1AFB9204008FA782 /* LaunchScreen.xib */,
				607FACD31AFB9204008FA782 /* Supporting Files */,
			);
			name = "Example for YourFilm";
			path = YourFilm;
			sourceTree = "<group>";
		};
		607FACD31AFB9204008FA782 /* Supporting Files */ = {
			isa = PBXGroup;
			children = (
				607FACD41AFB9204008FA782 /* Info.plist */,
			);
			name = "Supporting Files";
			sourceTree = "<group>";
		};
		607FACE81AFB9204008FA782 /* Tests */ = {
			isa = PBXGroup;
			children = (
				607FACEB1AFB9204008FA782 /* Tests.swift */,
				607FACE91AFB9204008FA782 /* Supporting Files */,
			);
			path = Tests;
			sourceTree = "<group>";
		};
		607FACE91AFB9204008FA782 /* Supporting Files */ = {
			isa = PBXGroup;
			children = (
				607FACEA1AFB9204008FA782 /* Info.plist */,
			);
			name = "Supporting Files";
			sourceTree = "<group>";
		};
		607FACF51AFB993E008FA782 /* Podspec Metadata */ = {
			isa = PBXGroup;
			children = (
				54CDA2CFECA6A26C83EBD83D /* YourFilm.podspec */,
				5C2C2E18EA42064BB14394B9 /* README.md */,
				D88D88057487129AE5504E51 /* LICENSE */,
			);
			name = "Podspec Metadata";
			sourceTree = "<group>";
		};
		A252D15ABA5543460D12929A /* Frameworks */ = {
			isa = PBXGroup;
			children = (
				FF23827A2144AF9FB6D5D657 /* Pods_YourFilm_Example.framework */,
				3BB264DBE8083780D9A7F83C /* Pods_YourFilm_Tests.framework */,
			);
			name = Frameworks;
			sourceTree = "<group>";
		};
/* End PBXGroup section */

/* Begin PBXNativeTarget section */
		607FACCF1AFB9204008FA782 /* YourFilm_Example */ = {
			isa = PBXNativeTarget;
			buildConfigurationList = 607FACEF1AFB9204008FA782 /* Build configuration list for PBXNativeTarget "YourFilm_Example" */;
			buildPhases = (
				2ADE7E648604921F54DF9883 /* [CP] Check Pods Manifest.lock */,
				607FACCC1AFB9204008FA782 /* Sources */,
				607FACCD1AFB9204008FA782 /* Frameworks */,
				607FACCE1AFB9204008FA782 /* Resources */,
				D1469F25E0B8ED90B7AC2514 /* [CP] Embed Pods Frameworks */,
			);
			buildRules = (
			);
			dependencies = (
			);
			name = YourFilm_Example;
			productName = YourFilm;
			productReference = 607FACD01AFB9204008FA782 /* YourFilm_Example.app */;
			productType = "com.apple.product-type.application";
		};
/* End PBXNativeTarget section */

/* Begin PBXProject section */
		607FACC81AFB9204008FA782 /* Project object */ = {
			isa = PBXProject;
			attributes = {
				LastSwiftUpdateCheck = 0830;
				LastUpgradeCheck = 0940;
				ORGANIZATIONNAME = CocoaPods;
				TargetAttributes = {
					607FACCF1AFB9204008FA782 = {
						CreatedOnToolsVersion = 6.3.1;
						DevelopmentTeam = 2J243WQ2HR;
						LastSwiftMigration = 0900;
						ProvisioningStyle = Automatic;
					};
				};
			};
			buildConfigurationList = 607FACCB1AFB9204008FA782 /* Build configuration list for PBXProject "YourFilm" */;
			compatibilityVersion = "Xcode 3.2";
			developmentRegion = English;
			hasScannedForEncodings = 0;
			knownRegions = (
				English,
				en,
				Base,
			);
			mainGroup = 607FACC71AFB9204008FA782;
			productRefGroup = 607FACD11AFB9204008FA782 /* Products */;
			projectDirPath = "";
			projectRoot = "";
			targets = (
				607FACCF1AFB9204008FA782 /* YourFilm_Example */,
			);
		};
/* End PBXProject section */

/* Begin PBXResourcesBuildPhase section */
		607FACCE1AFB9204008FA782 /* Resources */ = {
			isa = PBXResourcesBuildPhase;
			buildActionMask = 2147483647;
			files = (
				04CAACFD212FABBD000DE8CE /* RGBColorSelector.xib in Resources */,
				607FACDB1AFB9204008FA782 /* Main.storyboard in Resources */,
				607FACE01AFB9204008FA782 /* LaunchScreen.xib in Resources */,
				607FACDD1AFB9204008FA782 /* Images.xcassets in Resources */,
			);
			runOnlyForDeploymentPostprocessing = 0;
		};
/* End PBXResourcesBuildPhase section */

/* Begin PBXShellScriptBuildPhase section */
		2ADE7E648604921F54DF9883 /* [CP] Check Pods Manifest.lock */ = {
			isa = PBXShellScriptBuildPhase;
			buildActionMask = 2147483647;
			files = (
			);
			inputPaths = (
				"${PODS_PODFILE_DIR_PATH}/Podfile.lock",
				"${PODS_ROOT}/Manifest.lock",
			);
			name = "[CP] Check Pods Manifest.lock";
			outputPaths = (
				"$(DERIVED_FILE_DIR)/Pods-YourFilm_Example-checkManifestLockResult.txt",
			);
			runOnlyForDeploymentPostprocessing = 0;
			shellPath = /bin/sh;
			shellScript = "diff \"${PODS_PODFILE_DIR_PATH}/Podfile.lock\" \"${PODS_ROOT}/Manifest.lock\" > /dev/null\nif [ $? != 0 ] ; then\n    # print error to STDERR\n    echo \"error: The sandbox is not in sync with the Podfile.lock. Run 'pod install' or update your CocoaPods installation.\" >&2\n    exit 1\nfi\n# This output is used by Xcode 'outputs' to avoid re-running this script phase.\necho \"SUCCESS\" > \"${SCRIPT_OUTPUT_FILE_0}\"\n";
			showEnvVarsInLog = 0;
		};
		D1469F25E0B8ED90B7AC2514 /* [CP] Embed Pods Frameworks */ = {
			isa = PBXShellScriptBuildPhase;
			buildActionMask = 2147483647;
			files = (
			);
			inputPaths = (
				"${PODS_ROOT}/Target Support Files/Pods-YourFilm_Example/Pods-YourFilm_Example-frameworks.sh",
				"${BUILT_PRODUCTS_DIR}/SnapKit/SnapKit.framework",
				"${BUILT_PRODUCTS_DIR}/Then/Then.framework",
			);
			name = "[CP] Embed Pods Frameworks";
			outputPaths = (
				"${TARGET_BUILD_DIR}/${FRAMEWORKS_FOLDER_PATH}/SnapKit.framework",
				"${TARGET_BUILD_DIR}/${FRAMEWORKS_FOLDER_PATH}/Then.framework",
			);
			runOnlyForDeploymentPostprocessing = 0;
			shellPath = /bin/sh;
			shellScript = "\"${PODS_ROOT}/Target Support Files/Pods-YourFilm_Example/Pods-YourFilm_Example-frameworks.sh\"\n";
			showEnvVarsInLog = 0;
		};
/* End PBXShellScriptBuildPhase section */

/* Begin PBXSourcesBuildPhase section */
		607FACCC1AFB9204008FA782 /* Sources */ = {
			isa = PBXSourcesBuildPhase;
			buildActionMask = 2147483647;
			files = (
				04CAACF1212E9B72000DE8CE /* Director.swift in Sources */,
				374FA36C2473C74B000A9B2D /* ProgressRingVeil.swift in Sources */,
				04CAACF8212FAA4E000DE8CE /* HUDExhibitionViewController.swift in Sources */,
				04CAACE9212E9B72000DE8CE /* Scenery.swift in Sources */,
				04CAACEF212E9B72000DE8CE /* YourFilm.swift in Sources */,
				607FACD81AFB9204008FA782 /* ViewController.swift in Sources */,
				04CAACEC212E9B72000DE8CE /* Stage.swift in Sources */,
				04CAACFF212FDEC6000DE8CE /* Helper.swift in Sources */,
				04CAACE8212E9B72000DE8CE /* Film.swift in Sources */,
				607FACD61AFB9204008FA782 /* AppDelegate.swift in Sources */,
				04CAACEB212E9B72000DE8CE /* UIKit+YourFilm.swift in Sources */,
				04CAACEA212E9B72000DE8CE /* Plot.swift in Sources */,
				374FA36A2473BF3E000A9B2D /* RingVeilLayer.swift in Sources */,
				04CAACFB212FAB8A000DE8CE /* RGBColorSelector.swift in Sources */,
				04CAACE7212E9B72000DE8CE /* Space.swift in Sources */,
				04CAACEE212E9B72000DE8CE /* Actor.swift in Sources */,
				374FA3682473BF2A000A9B2D /* RingVeil.swift in Sources */,
				1C48480D21F96DC20028B8FD /* Animations.swift in Sources */,
			);
			runOnlyForDeploymentPostprocessing = 0;
		};
/* End PBXSourcesBuildPhase section */

/* Begin PBXVariantGroup section */
		607FACD91AFB9204008FA782 /* Main.storyboard */ = {
			isa = PBXVariantGroup;
			children = (
				607FACDA1AFB9204008FA782 /* Base */,
			);
			name = Main.storyboard;
			sourceTree = "<group>";
		};
		607FACDE1AFB9204008FA782 /* LaunchScreen.xib */ = {
			isa = PBXVariantGroup;
			children = (
				607FACDF1AFB9204008FA782 /* Base */,
			);
			name = LaunchScreen.xib;
			sourceTree = "<group>";
		};
/* End PBXVariantGroup section */

/* Begin XCBuildConfiguration section */
		607FACED1AFB9204008FA782 /* Debug */ = {
			isa = XCBuildConfiguration;
			buildSettings = {
				ALWAYS_SEARCH_USER_PATHS = NO;
				CLANG_CXX_LANGUAGE_STANDARD = "gnu++0x";
				CLANG_CXX_LIBRARY = "libc++";
				CLANG_ENABLE_MODULES = YES;
				CLANG_ENABLE_OBJC_ARC = YES;
				CLANG_WARN_BLOCK_CAPTURE_AUTORELEASING = YES;
				CLANG_WARN_BOOL_CONVERSION = YES;
				CLANG_WARN_COMMA = YES;
				CLANG_WARN_CONSTANT_CONVERSION = YES;
				CLANG_WARN_DEPRECATED_OBJC_IMPLEMENTATIONS = YES;
				CLANG_WARN_DIRECT_OBJC_ISA_USAGE = YES_ERROR;
				CLANG_WARN_EMPTY_BODY = YES;
				CLANG_WARN_ENUM_CONVERSION = YES;
				CLANG_WARN_INFINITE_RECURSION = YES;
				CLANG_WARN_INT_CONVERSION = YES;
				CLANG_WARN_NON_LITERAL_NULL_CONVERSION = YES;
				CLANG_WARN_OBJC_IMPLICIT_RETAIN_SELF = YES;
				CLANG_WARN_OBJC_LITERAL_CONVERSION = YES;
				CLANG_WARN_OBJC_ROOT_CLASS = YES_ERROR;
				CLANG_WARN_RANGE_LOOP_ANALYSIS = YES;
				CLANG_WARN_STRICT_PROTOTYPES = YES;
				CLANG_WARN_SUSPICIOUS_MOVE = YES;
				CLANG_WARN_UNREACHABLE_CODE = YES;
				CLANG_WARN__DUPLICATE_METHOD_MATCH = YES;
				"CODE_SIGN_IDENTITY[sdk=iphoneos*]" = "iPhone Developer";
				COPY_PHASE_STRIP = NO;
				DEBUG_INFORMATION_FORMAT = "dwarf-with-dsym";
				ENABLE_STRICT_OBJC_MSGSEND = YES;
				ENABLE_TESTABILITY = YES;
				GCC_C_LANGUAGE_STANDARD = gnu99;
				GCC_DYNAMIC_NO_PIC = NO;
				GCC_NO_COMMON_BLOCKS = YES;
				GCC_OPTIMIZATION_LEVEL = 0;
				GCC_PREPROCESSOR_DEFINITIONS = (
					"DEBUG=1",
					"$(inherited)",
				);
				GCC_SYMBOLS_PRIVATE_EXTERN = NO;
				GCC_WARN_64_TO_32_BIT_CONVERSION = YES;
				GCC_WARN_ABOUT_RETURN_TYPE = YES_ERROR;
				GCC_WARN_UNDECLARED_SELECTOR = YES;
				GCC_WARN_UNINITIALIZED_AUTOS = YES_AGGRESSIVE;
				GCC_WARN_UNUSED_FUNCTION = YES;
				GCC_WARN_UNUSED_VARIABLE = YES;
				IPHONEOS_DEPLOYMENT_TARGET = 11.0;
				MTL_ENABLE_DEBUG_INFO = YES;
				ONLY_ACTIVE_ARCH = YES;
				SDKROOT = iphoneos;
				SWIFT_OPTIMIZATION_LEVEL = "-Onone";
			};
			name = Debug;
		};
		607FACEE1AFB9204008FA782 /* Release */ = {
			isa = XCBuildConfiguration;
			buildSettings = {
				ALWAYS_SEARCH_USER_PATHS = NO;
				CLANG_CXX_LANGUAGE_STANDARD = "gnu++0x";
				CLANG_CXX_LIBRARY = "libc++";
				CLANG_ENABLE_MODULES = YES;
				CLANG_ENABLE_OBJC_ARC = YES;
				CLANG_WARN_BLOCK_CAPTURE_AUTORELEASING = YES;
				CLANG_WARN_BOOL_CONVERSION = YES;
				CLANG_WARN_COMMA = YES;
				CLANG_WARN_CONSTANT_CONVERSION = YES;
				CLANG_WARN_DEPRECATED_OBJC_IMPLEMENTATIONS = YES;
				CLANG_WARN_DIRECT_OBJC_ISA_USAGE = YES_ERROR;
				CLANG_WARN_EMPTY_BODY = YES;
				CLANG_WARN_ENUM_CONVERSION = YES;
				CLANG_WARN_INFINITE_RECURSION = YES;
				CLANG_WARN_INT_CONVERSION = YES;
				CLANG_WARN_NON_LITERAL_NULL_CONVERSION = YES;
				CLANG_WARN_OBJC_IMPLICIT_RETAIN_SELF = YES;
				CLANG_WARN_OBJC_LITERAL_CONVERSION = YES;
				CLANG_WARN_OBJC_ROOT_CLASS = YES_ERROR;
				CLANG_WARN_RANGE_LOOP_ANALYSIS = YES;
				CLANG_WARN_STRICT_PROTOTYPES = YES;
				CLANG_WARN_SUSPICIOUS_MOVE = YES;
				CLANG_WARN_UNREACHABLE_CODE = YES;
				CLANG_WARN__DUPLICATE_METHOD_MATCH = YES;
				"CODE_SIGN_IDENTITY[sdk=iphoneos*]" = "iPhone Developer";
				COPY_PHASE_STRIP = NO;
				DEBUG_INFORMATION_FORMAT = "dwarf-with-dsym";
				ENABLE_NS_ASSERTIONS = NO;
				ENABLE_STRICT_OBJC_MSGSEND = YES;
				GCC_C_LANGUAGE_STANDARD = gnu99;
				GCC_NO_COMMON_BLOCKS = YES;
				GCC_WARN_64_TO_32_BIT_CONVERSION = YES;
				GCC_WARN_ABOUT_RETURN_TYPE = YES_ERROR;
				GCC_WARN_UNDECLARED_SELECTOR = YES;
				GCC_WARN_UNINITIALIZED_AUTOS = YES_AGGRESSIVE;
				GCC_WARN_UNUSED_FUNCTION = YES;
				GCC_WARN_UNUSED_VARIABLE = YES;
				IPHONEOS_DEPLOYMENT_TARGET = 11.0;
				MTL_ENABLE_DEBUG_INFO = NO;
				SDKROOT = iphoneos;
				SWIFT_OPTIMIZATION_LEVEL = "-Owholemodule";
				VALIDATE_PRODUCT = YES;
			};
			name = Release;
		};
		607FACF01AFB9204008FA782 /* Debug */ = {
			isa = XCBuildConfiguration;
			baseConfigurationReference = 8847FC1CF9D282A9BE560EC0 /* Pods-YourFilm_Example.debug.xcconfig */;
			buildSettings = {
				ASSETCATALOG_COMPILER_APPICON_NAME = AppIcon;
				CODE_SIGN_IDENTITY = "Apple Development";
				CODE_SIGN_STYLE = Automatic;
				DEVELOPMENT_TEAM = 2J243WQ2HR;
				INFOPLIST_FILE = YourFilm/Info.plist;
				IPHONEOS_DEPLOYMENT_TARGET = 11.0;
				LD_RUNPATH_SEARCH_PATHS = "$(inherited) @executable_path/Frameworks";
				MODULE_NAME = ExampleApp;
				PRODUCT_BUNDLE_IDENTIFIER = com.chutzpah.hotcourse;
				PRODUCT_NAME = "$(TARGET_NAME)";
				PROVISIONING_PROFILE = "4e03228b-79d4-4d2e-b764-7375216e229c";
				PROVISIONING_PROFILE_SPECIFIER = "";
				SWIFT_SWIFT3_OBJC_INFERENCE = Default;
				SWIFT_VERSION = 5.0;
			};
			name = Debug;
		};
		607FACF11AFB9204008FA782 /* Release */ = {
			isa = XCBuildConfiguration;
			baseConfigurationReference = FB5811D4A133C2E4FE7F172C /* Pods-YourFilm_Example.release.xcconfig */;
			buildSettings = {
				ASSETCATALOG_COMPILER_APPICON_NAME = AppIcon;
				CODE_SIGN_STYLE = Manual;
				DEVELOPMENT_TEAM = "";
				INFOPLIST_FILE = YourFilm/Info.plist;
				IPHONEOS_DEPLOYMENT_TARGET = 11.0;
				LD_RUNPATH_SEARCH_PATHS = "$(inherited) @executable_path/Frameworks";
				MODULE_NAME = ExampleApp;
				PRODUCT_BUNDLE_IDENTIFIER = com.chutzpah.hotcourse;
				PRODUCT_NAME = "$(TARGET_NAME)";
				PROVISIONING_PROFILE_SPECIFIER = "";
				SWIFT_SWIFT3_OBJC_INFERENCE = Default;
				SWIFT_VERSION = 5.0;
			};
			name = Release;
		};
/* End XCBuildConfiguration section */

/* Begin XCConfigurationList section */
		607FACCB1AFB9204008FA782 /* Build configuration list for PBXProject "YourFilm" */ = {
			isa = XCConfigurationList;
			buildConfigurations = (
				607FACED1AFB9204008FA782 /* Debug */,
				607FACEE1AFB9204008FA782 /* Release */,
			);
			defaultConfigurationIsVisible = 0;
			defaultConfigurationName = Release;
		};
		607FACEF1AFB9204008FA782 /* Build configuration list for PBXNativeTarget "YourFilm_Example" */ = {
			isa = XCConfigurationList;
			buildConfigurations = (
				607FACF01AFB9204008FA782 /* Debug */,
				607FACF11AFB9204008FA782 /* Release */,
			);
			defaultConfigurationIsVisible = 0;
			defaultConfigurationName = Release;
		};
/* End XCConfigurationList section */
	};
	rootObject = 607FACC81AFB9204008FA782 /* Project object */;
}
